
Microsoft Visual Studio Solution File, Format Version 12.00
# Visual Studio 15
VisualStudioVersion = 15.0.26124.0
MinimumVisualStudioVersion = 15.0.26124.0
Project("{2150E333-8FDC-42A3-9474-1A3956D46DE8}") = "src", "src", "{DC6EC5E1-64C5-4964-82E6-215109F9DAD1}"
EndProject
Project("{FAE04EC0-301F-11D3-BF4B-00C04F79EFBC}") = "CommandAzureAPI", "src\CommandAzureAPI\CommandAzureAPI.csproj", "{E7CACB0C-5EFF-459C-99B5-B23C53540B0E}"
EndProject
Project("{2150E333-8FDC-42A3-9474-1A3956D46DE8}") = "test", "test", "{4ADBCEF5-06A5-4A6A-90CD-6811B2AE3549}"
EndProject
Project("{FAE04EC0-301F-11D3-BF4B-00C04F79EFBC}") = "CommandAzureAPI.Tests", "test\CommandAzureAPI.Tests\CommandAzureAPI.Tests.csproj", "{3F46D3FA-DC2C-4F60-A8B1-EDF33FE24959}"
EndProject
Global
	GlobalSection(SolutionConfigurationPlatforms) = preSolution
		Debug|Any CPU = Debug|Any CPU
		Debug|x64 = Debug|x64
		Debug|x86 = Debug|x86
		Release|Any CPU = Release|Any CPU
		Release|x64 = Release|x64
		Release|x86 = Release|x86
	EndGlobalSection
	GlobalSection(SolutionProperties) = preSolution
		HideSolutionNode = FALSE
	EndGlobalSection
	GlobalSection(ProjectConfigurationPlatforms) = postSolution
		{E7CACB0C-5EFF-459C-99B5-B23C53540B0E}.Debug|Any CPU.ActiveCfg = Debug|Any CPU
		{E7CACB0C-5EFF-459C-99B5-B23C53540B0E}.Debug|Any CPU.Build.0 = Debug|Any CPU
		{E7CACB0C-5EFF-459C-99B5-B23C53540B0E}.Debug|x64.ActiveCfg = Debug|Any CPU
		{E7CACB0C-5EFF-459C-99B5-B23C53540B0E}.Debug|x64.Build.0 = Debug|Any CPU
		{E7CACB0C-5EFF-459C-99B5-B23C53540B0E}.Debug|x86.ActiveCfg = Debug|Any CPU
		{E7CACB0C-5EFF-459C-99B5-B23C53540B0E}.Debug|x86.Build.0 = Debug|Any CPU
		{E7CACB0C-5EFF-459C-99B5-B23C53540B0E}.Release|Any CPU.ActiveCfg = Release|Any CPU
		{E7CACB0C-5EFF-459C-99B5-B23C53540B0E}.Release|Any CPU.Build.0 = Release|Any CPU
		{E7CACB0C-5EFF-459C-99B5-B23C53540B0E}.Release|x64.ActiveCfg = Release|Any CPU
		{E7CACB0C-5EFF-459C-99B5-B23C53540B0E}.Release|x64.Build.0 = Release|Any CPU
		{E7CACB0C-5EFF-459C-99B5-B23C53540B0E}.Release|x86.ActiveCfg = Release|Any CPU
		{E7CACB0C-5EFF-459C-99B5-B23C53540B0E}.Release|x86.Build.0 = Release|Any CPU
		{3F46D3FA-DC2C-4F60-A8B1-EDF33FE24959}.Debug|Any CPU.ActiveCfg = Debug|Any CPU
		{3F46D3FA-DC2C-4F60-A8B1-EDF33FE24959}.Debug|Any CPU.Build.0 = Debug|Any CPU
		{3F46D3FA-DC2C-4F60-A8B1-EDF33FE24959}.Debug|x64.ActiveCfg = Debug|Any CPU
		{3F46D3FA-DC2C-4F60-A8B1-EDF33FE24959}.Debug|x64.Build.0 = Debug|Any CPU
		{3F46D3FA-DC2C-4F60-A8B1-EDF33FE24959}.Debug|x86.ActiveCfg = Debug|Any CPU
		{3F46D3FA-DC2C-4F60-A8B1-EDF33FE24959}.Debug|x86.Build.0 = Debug|Any CPU
		{3F46D3FA-DC2C-4F60-A8B1-EDF33FE24959}.Release|Any CPU.ActiveCfg = Release|Any CPU
		{3F46D3FA-DC2C-4F60-A8B1-EDF33FE24959}.Release|Any CPU.Build.0 = Release|Any CPU
		{3F46D3FA-DC2C-4F60-A8B1-EDF33FE24959}.Release|x64.ActiveCfg = Release|Any CPU
		{3F46D3FA-DC2C-4F60-A8B1-EDF33FE24959}.Release|x64.Build.0 = Release|Any CPU
		{3F46D3FA-DC2C-4F60-A8B1-EDF33FE24959}.Release|x86.ActiveCfg = Release|Any CPU
		{3F46D3FA-DC2C-4F60-A8B1-EDF33FE24959}.Release|x86.Build.0 = Release|Any CPU
	EndGlobalSection
	GlobalSection(NestedProjects) = preSolution
		{E7CACB0C-5EFF-459C-99B5-B23C53540B0E} = {DC6EC5E1-64C5-4964-82E6-215109F9DAD1}
		{3F46D3FA-DC2C-4F60-A8B1-EDF33FE24959} = {4ADBCEF5-06A5-4A6A-90CD-6811B2AE3549}
	EndGlobalSection
EndGlobal
